
Microsoft Visual Studio Solution File, Format Version 12.00
# Visual Studio Version 17
VisualStudioVersion = 17.5.33627.172
MinimumVisualStudioVersion = 10.0.40219.1
Project("{9A19103F-16F7-4668-BE54-9A1E7A4F7556}") = "EPR.Antivirus.Function", "EPR.Antivirus.Function\EPR.Antivirus.Function.csproj", "{0ED2ADBB-766C-4C46-B06E-D87859E3EB3A}"
EndProject
Project("{9A19103F-16F7-4668-BE54-9A1E7A4F7556}") = "EPR.Antivirus.Application", "EPR.Antivirus.Application\EPR.Antivirus.Application.csproj", "{7CB47DF6-E6CB-45F7-AD0E-C1FD2E233327}"
EndProject
Project("{9A19103F-16F7-4668-BE54-9A1E7A4F7556}") = "EPR.Antivirus.Function.UnitTests", "EPR.Antivirus.Function.UnitTests\EPR.Antivirus.Function.UnitTests.csproj", "{2E6BA384-17F3-409E-8A4E-3AF6A0C82230}"
EndProject
Project("{9A19103F-16F7-4668-BE54-9A1E7A4F7556}") = "EPR.Antivirus.Application.UnitTests", "EPR.Antivirus.Application.UnitTests\EPR.Antivirus.Application.UnitTests.csproj", "{FA072CE7-21BA-4F55-A3FD-2C5F01C85E18}"
EndProject
Project("{9A19103F-16F7-4668-BE54-9A1E7A4F7556}") = "EPR.Antivirus.Data", "EPR.Antivirus.Data\EPR.Antivirus.Data.csproj", "{D204F760-099A-491F-A304-7703476E841E}"
EndProject
Project("{2150E333-8FDC-42A3-9474-1A3956D46DE8}") = "Solution Items", "Solution Items", "{D5505462-723E-4342-B85C-E08CF9EFE2B7}"
	ProjectSection(SolutionItems) = preProject
		Directory.Build.props = Directory.Build.props
		..\README.md = ..\README.md
		stylecop.ruleset = stylecop.ruleset
		NuGet.Config = NuGet.Config
		..\CONTRIBUTING.md = ..\CONTRIBUTING.md
		..\LICENCE.md = ..\LICENCE.md
	EndProjectSection
EndProject
Global
	GlobalSection(SolutionConfigurationPlatforms) = preSolution
		Debug|Any CPU = Debug|Any CPU
		Release|Any CPU = Release|Any CPU
	EndGlobalSection
	GlobalSection(ProjectConfigurationPlatforms) = postSolution
		{0ED2ADBB-766C-4C46-B06E-D87859E3EB3A}.Debug|Any CPU.ActiveCfg = Debug|Any CPU
		{0ED2ADBB-766C-4C46-B06E-D87859E3EB3A}.Debug|Any CPU.Build.0 = Debug|Any CPU
		{0ED2ADBB-766C-4C46-B06E-D87859E3EB3A}.Release|Any CPU.ActiveCfg = Release|Any CPU
		{0ED2ADBB-766C-4C46-B06E-D87859E3EB3A}.Release|Any CPU.Build.0 = Release|Any CPU
		{7CB47DF6-E6CB-45F7-AD0E-C1FD2E233327}.Debug|Any CPU.ActiveCfg = Debug|Any CPU
		{7CB47DF6-E6CB-45F7-AD0E-C1FD2E233327}.Debug|Any CPU.Build.0 = Debug|Any CPU
		{7CB47DF6-E6CB-45F7-AD0E-C1FD2E233327}.Release|Any CPU.ActiveCfg = Release|Any CPU
		{7CB47DF6-E6CB-45F7-AD0E-C1FD2E233327}.Release|Any CPU.Build.0 = Release|Any CPU
		{2E6BA384-17F3-409E-8A4E-3AF6A0C82230}.Debug|Any CPU.ActiveCfg = Debug|Any CPU
		{2E6BA384-17F3-409E-8A4E-3AF6A0C82230}.Debug|Any CPU.Build.0 = Debug|Any CPU
		{2E6BA384-17F3-409E-8A4E-3AF6A0C82230}.Release|Any CPU.ActiveCfg = Release|Any CPU
		{2E6BA384-17F3-409E-8A4E-3AF6A0C82230}.Release|Any CPU.Build.0 = Release|Any CPU
		{FA072CE7-21BA-4F55-A3FD-2C5F01C85E18}.Debug|Any CPU.ActiveCfg = Debug|Any CPU
		{FA072CE7-21BA-4F55-A3FD-2C5F01C85E18}.Debug|Any CPU.Build.0 = Debug|Any CPU
		{FA072CE7-21BA-4F55-A3FD-2C5F01C85E18}.Release|Any CPU.ActiveCfg = Release|Any CPU
		{FA072CE7-21BA-4F55-A3FD-2C5F01C85E18}.Release|Any CPU.Build.0 = Release|Any CPU
		{D204F760-099A-491F-A304-7703476E841E}.Debug|Any CPU.ActiveCfg = Debug|Any CPU
		{D204F760-099A-491F-A304-7703476E841E}.Debug|Any CPU.Build.0 = Debug|Any CPU
		{D204F760-099A-491F-A304-7703476E841E}.Release|Any CPU.ActiveCfg = Release|Any CPU
		{D204F760-099A-491F-A304-7703476E841E}.Release|Any CPU.Build.0 = Release|Any CPU
	EndGlobalSection
	GlobalSection(SolutionProperties) = preSolution
		HideSolutionNode = FALSE
	EndGlobalSection
	GlobalSection(ExtensibilityGlobals) = postSolution
		SolutionGuid = {86577C00-5671-4E52-A29E-E7D808134D6D}
	EndGlobalSection
EndGlobal
